// !$*UTF8*$!
{
	archiveVersion = 1;
	classes = {
	};
	objectVersion = 56;
	objects = {

/* Begin PBXBuildFile section */
		04277FBB2D95ABBC007CCF87 /* ChatApp.swift in Sources */ = {isa = PBXBuildFile; fileRef = 04277FBA2D95ABBC007CCF87 /* ChatApp.swift */; };
		04277FBF2D95ABBD007CCF87 /* Assets.xcassets in Resources */ = {isa = PBXBuildFile; fileRef = 04277FBE2D95ABBD007CCF87 /* Assets.xcassets */; };
		04277FC22D95ABBD007CCF87 /* Preview Assets.xcassets in Resources */ = {isa = PBXBuildFile; fileRef = 04277FC12D95ABBD007CCF87 /* Preview Assets.xcassets */; };
		04F292602D96E6C000229BAD /* FirebaseAuth in Frameworks */ = {isa = PBXBuildFile; productRef = 04F2925F2D96E6C000229BAD /* FirebaseAuth */; };
		04F292622D96E6CD00229BAD /* FirebaseFirestore in Frameworks */ = {isa = PBXBuildFile; productRef = 04F292612D96E6CD00229BAD /* FirebaseFirestore */; };
		04F292642D96E6D400229BAD /* FirebaseStorage in Frameworks */ = {isa = PBXBuildFile; productRef = 04F292632D96E6D400229BAD /* FirebaseStorage */; };
		04F2926C2D96E73000229BAD /* Chat.swift in Sources */ = {isa = PBXBuildFile; fileRef = 04F292682D96E73000229BAD /* Chat.swift */; };
		04F2926D2D96E73000229BAD /* User.swift in Sources */ = {isa = PBXBuildFile; fileRef = 04F292692D96E73000229BAD /* User.swift */; };
		04F2926E2D96E73000229BAD /* Room.swift in Sources */ = {isa = PBXBuildFile; fileRef = 04F2926A2D96E73000229BAD /* Room.swift */; };
		04F2926F2D96E73000229BAD /* SessionState.swift in Sources */ = {isa = PBXBuildFile; fileRef = 04F2926B2D96E73000229BAD /* SessionState.swift */; };
		04F292842D96E75E00229BAD /* PasswordComponentView.swift in Sources */ = {isa = PBXBuildFile; fileRef = 04F292712D96E75E00229BAD /* PasswordComponentView.swift */; };
		04F292852D96E75E00229BAD /* PrimaryButtonStyle.swift in Sources */ = {isa = PBXBuildFile; fileRef = 04F292722D96E75E00229BAD /* PrimaryButtonStyle.swift */; };
		04F292862D96E75E00229BAD /* LoadingComponentView.swift in Sources */ = {isa = PBXBuildFile; fileRef = 04F292732D96E75E00229BAD /* LoadingComponentView.swift */; };
		04F292872D96E75E00229BAD /* AuthTextFieldStyle.swift in Sources */ = {isa = PBXBuildFile; fileRef = 04F292742D96E75E00229BAD /* AuthTextFieldStyle.swift */; };
		04F292882D96E75E00229BAD /* SessionManager.swift in Sources */ = {isa = PBXBuildFile; fileRef = 04F292762D96E75E00229BAD /* SessionManager.swift */; };
		04F292892D96E75E00229BAD /* ChatRoomsView.swift in Sources */ = {isa = PBXBuildFile; fileRef = 04F292782D96E75E00229BAD /* ChatRoomsView.swift */; };
		04F2928A2D96E75E00229BAD /* LoginView.swift in Sources */ = {isa = PBXBuildFile; fileRef = 04F292792D96E75E00229BAD /* LoginView.swift */; };
		04F2928B2D96E75E00229BAD /* ChatRoomRowView.swift in Sources */ = {isa = PBXBuildFile; fileRef = 04F2927A2D96E75E00229BAD /* ChatRoomRowView.swift */; };
		04F2928C2D96E75E00229BAD /* ChatThreadView.swift in Sources */ = {isa = PBXBuildFile; fileRef = 04F2927B2D96E75E00229BAD /* ChatThreadView.swift */; };
		04F2928D2D96E75E00229BAD /* AddRoomView.swift in Sources */ = {isa = PBXBuildFile; fileRef = 04F2927C2D96E75E00229BAD /* AddRoomView.swift */; };
		04F2928E2D96E75E00229BAD /* RegisterView.swift in Sources */ = {isa = PBXBuildFile; fileRef = 04F2927D2D96E75E00229BAD /* RegisterView.swift */; };
		04F2928F2D96E75E00229BAD /* AddRoomViewModel.swift in Sources */ = {isa = PBXBuildFile; fileRef = 04F2927F2D96E75E00229BAD /* AddRoomViewModel.swift */; };
		04F292902D96E75E00229BAD /* LoginViewModel.swift in Sources */ = {isa = PBXBuildFile; fileRef = 04F292802D96E75E00229BAD /* LoginViewModel.swift */; };
		04F292912D96E75E00229BAD /* ChatRoomsViewModel.swift in Sources */ = {isa = PBXBuildFile; fileRef = 04F292812D96E75E00229BAD /* ChatRoomsViewModel.swift */; };
		04F292922D96E75E00229BAD /* ChatThreadViewModel.swift in Sources */ = {isa = PBXBuildFile; fileRef = 04F292822D96E75E00229BAD /* ChatThreadViewModel.swift */; };
		04F292932D96E75E00229BAD /* RegisterViewModel.swift in Sources */ = {isa = PBXBuildFile; fileRef = 04F292832D96E75E00229BAD /* RegisterViewModel.swift */; };
		04F292952D96E89100229BAD /* GoogleService-Info.plist in Resources */ = {isa = PBXBuildFile; fileRef = 04F292942D96E89100229BAD /* GoogleService-Info.plist */; };
/* End PBXBuildFile section */

/* Begin PBXFileReference section */
		04277FB72D95ABBC007CCF87 /* ChatApp.app */ = {isa = PBXFileReference; explicitFileType = wrapper.application; includeInIndex = 0; path = ChatApp.app; sourceTree = BUILT_PRODUCTS_DIR; };
		04277FBA2D95ABBC007CCF87 /* ChatApp.swift */ = {isa = PBXFileReference; lastKnownFileType = sourcecode.swift; path = ChatApp.swift; sourceTree = "<group>"; };
		04277FBE2D95ABBD007CCF87 /* Assets.xcassets */ = {isa = PBXFileReference; lastKnownFileType = folder.assetcatalog; path = Assets.xcassets; sourceTree = "<group>"; };
		04277FC12D95ABBD007CCF87 /* Preview Assets.xcassets */ = {isa = PBXFileReference; lastKnownFileType = folder.assetcatalog; path = "Preview Assets.xcassets"; sourceTree = "<group>"; };
		04F292682D96E73000229BAD /* Chat.swift */ = {isa = PBXFileReference; fileEncoding = 4; lastKnownFileType = sourcecode.swift; path = Chat.swift; sourceTree = "<group>"; };
		04F292692D96E73000229BAD /* User.swift */ = {isa = PBXFileReference; fileEncoding = 4; lastKnownFileType = sourcecode.swift; path = User.swift; sourceTree = "<group>"; };
		04F2926A2D96E73000229BAD /* Room.swift */ = {isa = PBXFileReference; fileEncoding = 4; lastKnownFileType = sourcecode.swift; path = Room.swift; sourceTree = "<group>"; };
		04F2926B2D96E73000229BAD /* SessionState.swift */ = {isa = PBXFileReference; fileEncoding = 4; lastKnownFileType = sourcecode.swift; path = SessionState.swift; sourceTree = "<group>"; };
		04F292712D96E75E00229BAD /* PasswordComponentView.swift */ = {isa = PBXFileReference; fileEncoding = 4; lastKnownFileType = sourcecode.swift; path = PasswordComponentView.swift; sourceTree = "<group>"; };
		04F292722D96E75E00229BAD /* PrimaryButtonStyle.swift */ = {isa = PBXFileReference; fileEncoding = 4; lastKnownFileType = sourcecode.swift; path = PrimaryButtonStyle.swift; sourceTree = "<group>"; };
		04F292732D96E75E00229BAD /* LoadingComponentView.swift */ = {isa = PBXFileReference; fileEncoding = 4; lastKnownFileType = sourcecode.swift; path = LoadingComponentView.swift; sourceTree = "<group>"; };
		04F292742D96E75E00229BAD /* AuthTextFieldStyle.swift */ = {isa = PBXFileReference; fileEncoding = 4; lastKnownFileType = sourcecode.swift; path = AuthTextFieldStyle.swift; sourceTree = "<group>"; };
		04F292762D96E75E00229BAD /* SessionManager.swift */ = {isa = PBXFileReference; fileEncoding = 4; lastKnownFileType = sourcecode.swift; path = SessionManager.swift; sourceTree = "<group>"; };
		04F292782D96E75E00229BAD /* ChatRoomsView.swift */ = {isa = PBXFileReference; fileEncoding = 4; lastKnownFileType = sourcecode.swift; path = ChatRoomsView.swift; sourceTree = "<group>"; };
		04F292792D96E75E00229BAD /* LoginView.swift */ = {isa = PBXFileReference; fileEncoding = 4; lastKnownFileType = sourcecode.swift; path = LoginView.swift; sourceTree = "<group>"; };
		04F2927A2D96E75E00229BAD /* ChatRoomRowView.swift */ = {isa = PBXFileReference; fileEncoding = 4; lastKnownFileType = sourcecode.swift; path = ChatRoomRowView.swift; sourceTree = "<group>"; };
		04F2927B2D96E75E00229BAD /* ChatThreadView.swift */ = {isa = PBXFileReference; fileEncoding = 4; lastKnownFileType = sourcecode.swift; path = ChatThreadView.swift; sourceTree = "<group>"; };
		04F2927C2D96E75E00229BAD /* AddRoomView.swift */ = {isa = PBXFileReference; fileEncoding = 4; lastKnownFileType = sourcecode.swift; path = AddRoomView.swift; sourceTree = "<group>"; };
		04F2927D2D96E75E00229BAD /* RegisterView.swift */ = {isa = PBXFileReference; fileEncoding = 4; lastKnownFileType = sourcecode.swift; path = RegisterView.swift; sourceTree = "<group>"; };
		04F2927F2D96E75E00229BAD /* AddRoomViewModel.swift */ = {isa = PBXFileReference; fileEncoding = 4; lastKnownFileType = sourcecode.swift; path = AddRoomViewModel.swift; sourceTree = "<group>"; };
		04F292802D96E75E00229BAD /* LoginViewModel.swift */ = {isa = PBXFileReference; fileEncoding = 4; lastKnownFileType = sourcecode.swift; path = LoginViewModel.swift; sourceTree = "<group>"; };
		04F292812D96E75E00229BAD /* ChatRoomsViewModel.swift */ = {isa = PBXFileReference; fileEncoding = 4; lastKnownFileType = sourcecode.swift; path = ChatRoomsViewModel.swift; sourceTree = "<group>"; };
		04F292822D96E75E00229BAD /* ChatThreadViewModel.swift */ = {isa = PBXFileReference; fileEncoding = 4; lastKnownFileType = sourcecode.swift; path = ChatThreadViewModel.swift; sourceTree = "<group>"; };
		04F292832D96E75E00229BAD /* RegisterViewModel.swift */ = {isa = PBXFileReference; fileEncoding = 4; lastKnownFileType = sourcecode.swift; path = RegisterViewModel.swift; sourceTree = "<group>"; };
		04F292942D96E89100229BAD /* GoogleService-Info.plist */ = {isa = PBXFileReference; fileEncoding = 4; lastKnownFileType = text.plist.xml; path = "GoogleService-Info.plist"; sourceTree = "<group>"; };
/* End PBXFileReference section */

/* Begin PBXFrameworksBuildPhase section */
		04277FB42D95ABBC007CCF87 /* Frameworks */ = {
			isa = PBXFrameworksBuildPhase;
			buildActionMask = 2147483647;
			files = (
				04F292602D96E6C000229BAD /* FirebaseAuth in Frameworks */,
				04F292622D96E6CD00229BAD /* FirebaseFirestore in Frameworks */,
				04F292642D96E6D400229BAD /* FirebaseStorage in Frameworks */,
			);
			runOnlyForDeploymentPostprocessing = 0;
		};
/* End PBXFrameworksBuildPhase section */

/* Begin PBXGroup section */
		04277FAE2D95ABBC007CCF87 = {
			isa = PBXGroup;
			children = (
				04277FB92D95ABBC007CCF87 /* ChatApp */,
				04277FB82D95ABBC007CCF87 /* Products */,
				04F2925E2D96E6C000229BAD /* Frameworks */,
			);
			sourceTree = "<group>";
		};
		04277FB82D95ABBC007CCF87 /* Products */ = {
			isa = PBXGroup;
			children = (
				04277FB72D95ABBC007CCF87 /* ChatApp.app */,
			);
			name = Products;
			sourceTree = "<group>";
		};
		04277FB92D95ABBC007CCF87 /* ChatApp */ = {
			isa = PBXGroup;
			children = (
				04F292942D96E89100229BAD /* GoogleService-Info.plist */,
				04F292702D96E75E00229BAD /* Components */,
				04F292752D96E75E00229BAD /* Managers */,
				04F2927E2D96E75E00229BAD /* ViewModels */,
				04F292772D96E75E00229BAD /* Views */,
				04F292672D96E73000229BAD /* Model */,
				04277FBA2D95ABBC007CCF87 /* ChatApp.swift */,
				04277FBE2D95ABBD007CCF87 /* Assets.xcassets */,
				04277FC02D95ABBD007CCF87 /* Preview Content */,
			);
			path = ChatApp;
			sourceTree = "<group>";
		};
		04277FC02D95ABBD007CCF87 /* Preview Content */ = {
			isa = PBXGroup;
			children = (
				04277FC12D95ABBD007CCF87 /* Preview Assets.xcassets */,
			);
			path = "Preview Content";
			sourceTree = "<group>";
		};
		04F2925E2D96E6C000229BAD /* Frameworks */ = {
			isa = PBXGroup;
			children = (
			);
			name = Frameworks;
			sourceTree = "<group>";
		};
		04F292672D96E73000229BAD /* Model */ = {
			isa = PBXGroup;
			children = (
				04F292682D96E73000229BAD /* Chat.swift */,
				04F292692D96E73000229BAD /* User.swift */,
				04F2926A2D96E73000229BAD /* Room.swift */,
				04F2926B2D96E73000229BAD /* SessionState.swift */,
			);
			path = Model;
			sourceTree = "<group>";
		};
		04F292702D96E75E00229BAD /* Components */ = {
			isa = PBXGroup;
			children = (
				04F292712D96E75E00229BAD /* PasswordComponentView.swift */,
				04F292722D96E75E00229BAD /* PrimaryButtonStyle.swift */,
				04F292732D96E75E00229BAD /* LoadingComponentView.swift */,
				04F292742D96E75E00229BAD /* AuthTextFieldStyle.swift */,
			);
			path = Components;
			sourceTree = "<group>";
		};
		04F292752D96E75E00229BAD /* Managers */ = {
			isa = PBXGroup;
			children = (
				04F292762D96E75E00229BAD /* SessionManager.swift */,
			);
			path = Managers;
			sourceTree = "<group>";
		};
		04F292772D96E75E00229BAD /* Views */ = {
			isa = PBXGroup;
			children = (
				04F292782D96E75E00229BAD /* ChatRoomsView.swift */,
				04F292792D96E75E00229BAD /* LoginView.swift */,
				04F2927A2D96E75E00229BAD /* ChatRoomRowView.swift */,
				04F2927B2D96E75E00229BAD /* ChatThreadView.swift */,
				04F2927C2D96E75E00229BAD /* AddRoomView.swift */,
				04F2927D2D96E75E00229BAD /* RegisterView.swift */,
			);
			path = Views;
			sourceTree = "<group>";
		};
		04F2927E2D96E75E00229BAD /* ViewModels */ = {
			isa = PBXGroup;
			children = (
				04F2927F2D96E75E00229BAD /* AddRoomViewModel.swift */,
				04F292802D96E75E00229BAD /* LoginViewModel.swift */,
				04F292812D96E75E00229BAD /* ChatRoomsViewModel.swift */,
				04F292822D96E75E00229BAD /* ChatThreadViewModel.swift */,
				04F292832D96E75E00229BAD /* RegisterViewModel.swift */,
			);
			path = ViewModels;
			sourceTree = "<group>";
		};
/* End PBXGroup section */

/* Begin PBXNativeTarget section */
		04277FB62D95ABBC007CCF87 /* ChatApp */ = {
			isa = PBXNativeTarget;
			buildConfigurationList = 04277FDB2D95ABBD007CCF87 /* Build configuration list for PBXNativeTarget "ChatApp" */;
			buildPhases = (
				04277FB32D95ABBC007CCF87 /* Sources */,
				04277FB42D95ABBC007CCF87 /* Frameworks */,
				04277FB52D95ABBC007CCF87 /* Resources */,
			);
			buildRules = (
			);
			dependencies = (
			);
			name = ChatApp;
			packageProductDependencies = (
				04F2925F2D96E6C000229BAD /* FirebaseAuth */,
				04F292612D96E6CD00229BAD /* FirebaseFirestore */,
				04F292632D96E6D400229BAD /* FirebaseStorage */,
			);
			productName = ChatApp;
			productReference = 04277FB72D95ABBC007CCF87 /* ChatApp.app */;
			productType = "com.apple.product-type.application";
		};
/* End PBXNativeTarget section */

/* Begin PBXProject section */
		04277FAF2D95ABBC007CCF87 /* Project object */ = {
			isa = PBXProject;
			attributes = {
				BuildIndependentTargetsInParallel = 1;
				LastSwiftUpdateCheck = 1500;
				LastUpgradeCheck = 1500;
				TargetAttributes = {
					04277FB62D95ABBC007CCF87 = {
						CreatedOnToolsVersion = 15.0.1;
					};
				};
			};
			buildConfigurationList = 04277FB22D95ABBC007CCF87 /* Build configuration list for PBXProject "ChatApp" */;
			compatibilityVersion = "Xcode 14.0";
			developmentRegion = en;
			hasScannedForEncodings = 0;
			knownRegions = (
				en,
				Base,
			);
			mainGroup = 04277FAE2D95ABBC007CCF87;
			packageReferences = (
				04F2925D2D96E63900229BAD /* XCRemoteSwiftPackageReference "firebase-ios-sdk" */,
			);
			productRefGroup = 04277FB82D95ABBC007CCF87 /* Products */;
			projectDirPath = "";
			projectRoot = "";
			targets = (
				04277FB62D95ABBC007CCF87 /* ChatApp */,
			);
		};
/* End PBXProject section */

/* Begin PBXResourcesBuildPhase section */
		04277FB52D95ABBC007CCF87 /* Resources */ = {
			isa = PBXResourcesBuildPhase;
			buildActionMask = 2147483647;
			files = (
				04277FC22D95ABBD007CCF87 /* Preview Assets.xcassets in Resources */,
				04277FBF2D95ABBD007CCF87 /* Assets.xcassets in Resources */,
				04F292952D96E89100229BAD /* GoogleService-Info.plist in Resources */,
			);
			runOnlyForDeploymentPostprocessing = 0;
		};
/* End PBXResourcesBuildPhase section */

/* Begin PBXSourcesBuildPhase section */
		04277FB32D95ABBC007CCF87 /* Sources */ = {
			isa = PBXSourcesBuildPhase;
			buildActionMask = 2147483647;
			files = (
				04F292922D96E75E00229BAD /* ChatThreadViewModel.swift in Sources */,
				04F2928B2D96E75E00229BAD /* ChatRoomRowView.swift in Sources */,
				04F2928F2D96E75E00229BAD /* AddRoomViewModel.swift in Sources */,
				04F292872D96E75E00229BAD /* AuthTextFieldStyle.swift in Sources */,
				04F292852D96E75E00229BAD /* PrimaryButtonStyle.swift in Sources */,
				04F292862D96E75E00229BAD /* LoadingComponentView.swift in Sources */,
				04F2926F2D96E73000229BAD /* SessionState.swift in Sources */,
				04F2928D2D96E75E00229BAD /* AddRoomView.swift in Sources */,
				04F292912D96E75E00229BAD /* ChatRoomsViewModel.swift in Sources */,
				04F292842D96E75E00229BAD /* PasswordComponentView.swift in Sources */,
				04F292902D96E75E00229BAD /* LoginViewModel.swift in Sources */,
				04F2926D2D96E73000229BAD /* User.swift in Sources */,
				04F2928A2D96E75E00229BAD /* LoginView.swift in Sources */,
				04F2926C2D96E73000229BAD /* Chat.swift in Sources */,
				04F292892D96E75E00229BAD /* ChatRoomsView.swift in Sources */,
				04F2928C2D96E75E00229BAD /* ChatThreadView.swift in Sources */,
				04F292932D96E75E00229BAD /* RegisterViewModel.swift in Sources */,
				04277FBB2D95ABBC007CCF87 /* ChatApp.swift in Sources */,
				04F2928E2D96E75E00229BAD /* RegisterView.swift in Sources */,
				04F292882D96E75E00229BAD /* SessionManager.swift in Sources */,
				04F2926E2D96E73000229BAD /* Room.swift in Sources */,
			);
			runOnlyForDeploymentPostprocessing = 0;
		};
/* End PBXSourcesBuildPhase section */

/* Begin XCBuildConfiguration section */
		04277FD92D95ABBD007CCF87 /* Debug */ = {
			isa = XCBuildConfiguration;
			buildSettings = {
				ALWAYS_SEARCH_USER_PATHS = NO;
				ASSETCATALOG_COMPILER_GENERATE_SWIFT_ASSET_SYMBOL_EXTENSIONS = YES;
				CLANG_ANALYZER_NONNULL = YES;
				CLANG_ANALYZER_NUMBER_OBJECT_CONVERSION = YES_AGGRESSIVE;
				CLANG_CXX_LANGUAGE_STANDARD = "gnu++20";
				CLANG_ENABLE_MODULES = YES;
				CLANG_ENABLE_OBJC_ARC = YES;
				CLANG_ENABLE_OBJC_WEAK = YES;
				CLANG_WARN_BLOCK_CAPTURE_AUTORELEASING = YES;
				CLANG_WARN_BOOL_CONVERSION = YES;
				CLANG_WARN_COMMA = YES;
				CLANG_WARN_CONSTANT_CONVERSION = YES;
				CLANG_WARN_DEPRECATED_OBJC_IMPLEMENTATIONS = YES;
				CLANG_WARN_DIRECT_OBJC_ISA_USAGE = YES_ERROR;
				CLANG_WARN_DOCUMENTATION_COMMENTS = YES;
				CLANG_WARN_EMPTY_BODY = YES;
				CLANG_WARN_ENUM_CONVERSION = YES;
				CLANG_WARN_INFINITE_RECURSION = YES;
				CLANG_WARN_INT_CONVERSION = YES;
				CLANG_WARN_NON_LITERAL_NULL_CONVERSION = YES;
				CLANG_WARN_OBJC_IMPLICIT_RETAIN_SELF = YES;
				CLANG_WARN_OBJC_LITERAL_CONVERSION = YES;
				CLANG_WARN_OBJC_ROOT_CLASS = YES_ERROR;
				CLANG_WARN_QUOTED_INCLUDE_IN_FRAMEWORK_HEADER = YES;
				CLANG_WARN_RANGE_LOOP_ANALYSIS = YES;
				CLANG_WARN_STRICT_PROTOTYPES = YES;
				CLANG_WARN_SUSPICIOUS_MOVE = YES;
				CLANG_WARN_UNGUARDED_AVAILABILITY = YES_AGGRESSIVE;
				CLANG_WARN_UNREACHABLE_CODE = YES;
				CLANG_WARN__DUPLICATE_METHOD_MATCH = YES;
				COPY_PHASE_STRIP = NO;
				DEBUG_INFORMATION_FORMAT = dwarf;
				ENABLE_STRICT_OBJC_MSGSEND = YES;
				ENABLE_TESTABILITY = YES;
				ENABLE_USER_SCRIPT_SANDBOXING = YES;
				GCC_C_LANGUAGE_STANDARD = gnu17;
				GCC_DYNAMIC_NO_PIC = NO;
				GCC_NO_COMMON_BLOCKS = YES;
				GCC_OPTIMIZATION_LEVEL = 0;
				GCC_PREPROCESSOR_DEFINITIONS = (
					"DEBUG=1",
					"$(inherited)",
				);
				GCC_WARN_64_TO_32_BIT_CONVERSION = YES;
				GCC_WARN_ABOUT_RETURN_TYPE = YES_ERROR;
				GCC_WARN_UNDECLARED_SELECTOR = YES;
				GCC_WARN_UNINITIALIZED_AUTOS = YES_AGGRESSIVE;
				GCC_WARN_UNUSED_FUNCTION = YES;
				GCC_WARN_UNUSED_VARIABLE = YES;
				IPHONEOS_DEPLOYMENT_TARGET = 17.0;
				LOCALIZATION_PREFERS_STRING_CATALOGS = YES;
				MTL_ENABLE_DEBUG_INFO = INCLUDE_SOURCE;
				MTL_FAST_MATH = YES;
				ONLY_ACTIVE_ARCH = YES;
				SDKROOT = iphoneos;
				SWIFT_ACTIVE_COMPILATION_CONDITIONS = "DEBUG $(inherited)";
				SWIFT_OPTIMIZATION_LEVEL = "-Onone";
			};
			name = Debug;
		};
		04277FDA2D95ABBD007CCF87 /* Release */ = {
			isa = XCBuildConfiguration;
			buildSettings = {
				ALWAYS_SEARCH_USER_PATHS = NO;
				ASSETCATALOG_COMPILER_GENERATE_SWIFT_ASSET_SYMBOL_EXTENSIONS = YES;
				CLANG_ANALYZER_NONNULL = YES;
				CLANG_ANALYZER_NUMBER_OBJECT_CONVERSION = YES_AGGRESSIVE;
				CLANG_CXX_LANGUAGE_STANDARD = "gnu++20";
				CLANG_ENABLE_MODULES = YES;
				CLANG_ENABLE_OBJC_ARC = YES;
				CLANG_ENABLE_OBJC_WEAK = YES;
				CLANG_WARN_BLOCK_CAPTURE_AUTORELEASING = YES;
				CLANG_WARN_BOOL_CONVERSION = YES;
				CLANG_WARN_COMMA = YES;
				CLANG_WARN_CONSTANT_CONVERSION = YES;
				CLANG_WARN_DEPRECATED_OBJC_IMPLEMENTATIONS = YES;
				CLANG_WARN_DIRECT_OBJC_ISA_USAGE = YES_ERROR;
				CLANG_WARN_DOCUMENTATION_COMMENTS = YES;
				CLANG_WARN_EMPTY_BODY = YES;
				CLANG_WARN_ENUM_CONVERSION = YES;
				CLANG_WARN_INFINITE_RECURSION = YES;
				CLANG_WARN_INT_CONVERSION = YES;
				CLANG_WARN_NON_LITERAL_NULL_CONVERSION = YES;
				CLANG_WARN_OBJC_IMPLICIT_RETAIN_SELF = YES;
				CLANG_WARN_OBJC_LITERAL_CONVERSION = YES;
				CLANG_WARN_OBJC_ROOT_CLASS = YES_ERROR;
				CLANG_WARN_QUOTED_INCLUDE_IN_FRAMEWORK_HEADER = YES;
				CLANG_WARN_RANGE_LOOP_ANALYSIS = YES;
				CLANG_WARN_STRICT_PROTOTYPES = YES;
				CLANG_WARN_SUSPICIOUS_MOVE = YES;
				CLANG_WARN_UNGUARDED_AVAILABILITY = YES_AGGRESSIVE;
				CLANG_WARN_UNREACHABLE_CODE = YES;
				CLANG_WARN__DUPLICATE_METHOD_MATCH = YES;
				COPY_PHASE_STRIP = NO;
				DEBUG_INFORMATION_FORMAT = "dwarf-with-dsym";
				ENABLE_NS_ASSERTIONS = NO;
				ENABLE_STRICT_OBJC_MSGSEND = YES;
				ENABLE_USER_SCRIPT_SANDBOXING = YES;
				GCC_C_LANGUAGE_STANDARD = gnu17;
				GCC_NO_COMMON_BLOCKS = YES;
				GCC_WARN_64_TO_32_BIT_CONVERSION = YES;
				GCC_WARN_ABOUT_RETURN_TYPE = YES_ERROR;
				GCC_WARN_UNDECLARED_SELECTOR = YES;
				GCC_WARN_UNINITIALIZED_AUTOS = YES_AGGRESSIVE;
				GCC_WARN_UNUSED_FUNCTION = YES;
				GCC_WARN_UNUSED_VARIABLE = YES;
				IPHONEOS_DEPLOYMENT_TARGET = 17.0;
				LOCALIZATION_PREFERS_STRING_CATALOGS = YES;
				MTL_ENABLE_DEBUG_INFO = NO;
				MTL_FAST_MATH = YES;
				SDKROOT = iphoneos;
				SWIFT_COMPILATION_MODE = wholemodule;
				VALIDATE_PRODUCT = YES;
			};
			name = Release;
		};
		04277FDC2D95ABBD007CCF87 /* Debug */ = {
			isa = XCBuildConfiguration;
			buildSettings = {
				ASSETCATALOG_COMPILER_APPICON_NAME = AppIcon;
				ASSETCATALOG_COMPILER_GLOBAL_ACCENT_COLOR_NAME = AccentColor;
				CODE_SIGN_STYLE = Automatic;
				CURRENT_PROJECT_VERSION = 1;
				DEVELOPMENT_ASSET_PATHS = "\"ChatApp/Preview Content\"";
				DEVELOPMENT_TEAM = 7D4KB9688V;
				ENABLE_PREVIEWS = YES;
				GENERATE_INFOPLIST_FILE = YES;
				INFOPLIST_KEY_UIApplicationSceneManifest_Generation = YES;
				INFOPLIST_KEY_UIApplicationSupportsIndirectInputEvents = YES;
				INFOPLIST_KEY_UILaunchScreen_Generation = YES;
				INFOPLIST_KEY_UISupportedInterfaceOrientations_iPad = "UIInterfaceOrientationPortrait UIInterfaceOrientationPortraitUpsideDown UIInterfaceOrientationLandscapeLeft UIInterfaceOrientationLandscapeRight";
				INFOPLIST_KEY_UISupportedInterfaceOrientations_iPhone = "UIInterfaceOrientationPortrait UIInterfaceOrientationLandscapeLeft UIInterfaceOrientationLandscapeRight";
				IPHONEOS_DEPLOYMENT_TARGET = 17.0;
				LD_RUNPATH_SEARCH_PATHS = (
					"$(inherited)",
					"@executable_path/Frameworks",
				);
				MARKETING_VERSION = 1.0;
				PRODUCT_BUNDLE_IDENTIFIER = com.example.longvo.chat;
				PRODUCT_NAME = "$(TARGET_NAME)";
				SWIFT_EMIT_LOC_STRINGS = YES;
				SWIFT_VERSION = 5.0;
				TARGETED_DEVICE_FAMILY = "1,2";
			};
			name = Debug;
		};
		04277FDD2D95ABBD007CCF87 /* Release */ = {
			isa = XCBuildConfiguration;
			buildSettings = {
				ASSETCATALOG_COMPILER_APPICON_NAME = AppIcon;
				ASSETCATALOG_COMPILER_GLOBAL_ACCENT_COLOR_NAME = AccentColor;
				CODE_SIGN_STYLE = Automatic;
				CURRENT_PROJECT_VERSION = 1;
				DEVELOPMENT_ASSET_PATHS = "\"ChatApp/Preview Content\"";
				DEVELOPMENT_TEAM = 7D4KB9688V;
				ENABLE_PREVIEWS = YES;
				GENERATE_INFOPLIST_FILE = YES;
				INFOPLIST_KEY_UIApplicationSceneManifest_Generation = YES;
				INFOPLIST_KEY_UIApplicationSupportsIndirectInputEvents = YES;
				INFOPLIST_KEY_UILaunchScreen_Generation = YES;
				INFOPLIST_KEY_UISupportedInterfaceOrientations_iPad = "UIInterfaceOrientationPortrait UIInterfaceOrientationPortraitUpsideDown UIInterfaceOrientationLandscapeLeft UIInterfaceOrientationLandscapeRight";
				INFOPLIST_KEY_UISupportedInterfaceOrientations_iPhone = "UIInterfaceOrientationPortrait UIInterfaceOrientationLandscapeLeft UIInterfaceOrientationLandscapeRight";
				IPHONEOS_DEPLOYMENT_TARGET = 17.0;
				LD_RUNPATH_SEARCH_PATHS = (
					"$(inherited)",
					"@executable_path/Frameworks",
				);
				MARKETING_VERSION = 1.0;
				PRODUCT_BUNDLE_IDENTIFIER = com.example.longvo.chat;
				PRODUCT_NAME = "$(TARGET_NAME)";
				SWIFT_EMIT_LOC_STRINGS = YES;
				SWIFT_VERSION = 5.0;
				TARGETED_DEVICE_FAMILY = "1,2";
			};
			name = Release;
		};
/* End XCBuildConfiguration section */

/* Begin XCConfigurationList section */
		04277FB22D95ABBC007CCF87 /* Build configuration list for PBXProject "ChatApp" */ = {
			isa = XCConfigurationList;
			buildConfigurations = (
				04277FD92D95ABBD007CCF87 /* Debug */,
				04277FDA2D95ABBD007CCF87 /* Release */,
			);
			defaultConfigurationIsVisible = 0;
			defaultConfigurationName = Release;
		};
		04277FDB2D95ABBD007CCF87 /* Build configuration list for PBXNativeTarget "ChatApp" */ = {
			isa = XCConfigurationList;
			buildConfigurations = (
				04277FDC2D95ABBD007CCF87 /* Debug */,
				04277FDD2D95ABBD007CCF87 /* Release */,
			);
			defaultConfigurationIsVisible = 0;
			defaultConfigurationName = Release;
		};
/* End XCConfigurationList section */

/* Begin XCRemoteSwiftPackageReference section */
		04F2925D2D96E63900229BAD /* XCRemoteSwiftPackageReference "firebase-ios-sdk" */ = {
			isa = XCRemoteSwiftPackageReference;
			repositoryURL = "https://github.com/firebase/firebase-ios-sdk";
			requirement = {
				kind = upToNextMajorVersion;
				minimumVersion = 11.10.0;
			};
		};
/* End XCRemoteSwiftPackageReference section */

/* Begin XCSwiftPackageProductDependency section */
		04F2925F2D96E6C000229BAD /* FirebaseAuth */ = {
			isa = XCSwiftPackageProductDependency;
			package = 04F2925D2D96E63900229BAD /* XCRemoteSwiftPackageReference "firebase-ios-sdk" */;
			productName = FirebaseAuth;
		};
		04F292612D96E6CD00229BAD /* FirebaseFirestore */ = {
			isa = XCSwiftPackageProductDependency;
			package = 04F2925D2D96E63900229BAD /* XCRemoteSwiftPackageReference "firebase-ios-sdk" */;
			productName = FirebaseFirestore;
		};
		04F292632D96E6D400229BAD /* FirebaseStorage */ = {
			isa = XCSwiftPackageProductDependency;
			package = 04F2925D2D96E63900229BAD /* XCRemoteSwiftPackageReference "firebase-ios-sdk" */;
			productName = FirebaseStorage;
		};
/* End XCSwiftPackageProductDependency section */
	};
	rootObject = 04277FAF2D95ABBC007CCF87 /* Project object */;
}
